
Microsoft Visual Studio Solution File, Format Version 12.00
# Visual Studio 14
VisualStudioVersion = 14.0.25420.1
MinimumVisualStudioVersion = 10.0.40219.1
Project("{FAE04EC0-301F-11D3-BF4B-00C04F79EFBC}") = "BezierSvg", "BezierSvg\BezierSvg.csproj", "{49E9C43F-4E16-459C-8A30-9567B27576C2}"
EndProject
Project("{FAE04EC0-301F-11D3-BF4B-00C04F79EFBC}") = "Bezier", "Bezier\Bezier.csproj", "{70BA16EF-EB26-4B29-A4DA-1AA69ABFE51D}"
EndProject
Global
	GlobalSection(SolutionConfigurationPlatforms) = preSolution
		Debug|Any CPU = Debug|Any CPU
		Release|Any CPU = Release|Any CPU
	EndGlobalSection
	GlobalSection(ProjectConfigurationPlatforms) = postSolution
		{49E9C43F-4E16-459C-8A30-9567B27576C2}.Debug|Any CPU.ActiveCfg = Debug|Any CPU
		{49E9C43F-4E16-459C-8A30-9567B27576C2}.Debug|Any CPU.Build.0 = Debug|Any CPU
		{49E9C43F-4E16-459C-8A30-9567B27576C2}.Release|Any CPU.ActiveCfg = Release|Any CPU
		{49E9C43F-4E16-459C-8A30-9567B27576C2}.Release|Any CPU.Build.0 = Release|Any CPU
		{70BA16EF-EB26-4B29-A4DA-1AA69ABFE51D}.Debug|Any CPU.ActiveCfg = Debug|Any CPU
		{70BA16EF-EB26-4B29-A4DA-1AA69ABFE51D}.Debug|Any CPU.Build.0 = Debug|Any CPU
		{70BA16EF-EB26-4B29-A4DA-1AA69ABFE51D}.Release|Any CPU.ActiveCfg = Release|Any CPU
		{70BA16EF-EB26-4B29-A4DA-1AA69ABFE51D}.Release|Any CPU.Build.0 = Release|Any CPU
	EndGlobalSection
	GlobalSection(SolutionProperties) = preSolution
		HideSolutionNode = FALSE
	EndGlobalSection
EndGlobal
